// !$*UTF8*$!
{
	archiveVersion = 1;
	classes = {
	};
	objectVersion = 50;
	objects = {

/* Begin PBXBuildFile section */
		2C53F2442334B90C000231EC /* Pods_TomoWalletCore.framework in Frameworks */ = {isa = PBXBuildFile; fileRef = 2C53F2432334B90C000231EC /* Pods_TomoWalletCore.framework */; };
		2C53F3242334C5AD000231EC /* TomoWalletCoreTests.swift in Sources */ = {isa = PBXBuildFile; fileRef = 8461B2DF23169622009B8954 /* TomoWalletCoreTests.swift */; };
		2C53F3262334C603000231EC /* WalletTest.swift in Sources */ = {isa = PBXBuildFile; fileRef = 2C53F3252334C603000231EC /* WalletTest.swift */; };
		76C4F6760240F14CDDE179A9 /* Pods_TomoWalletCoreTests.framework in Frameworks */ = {isa = PBXBuildFile; fileRef = 142EEA18EC14A4164BC2045A /* Pods_TomoWalletCoreTests.framework */; };
		8433B0EA232CD6EF00A91C8C /* KeyStore.swift in Sources */ = {isa = PBXBuildFile; fileRef = 8433B08E232CD6EF00A91C8C /* KeyStore.swift */; };
		8433B0EC232CD6EF00A91C8C /* Scrypt.swift in Sources */ = {isa = PBXBuildFile; fileRef = 8433B08F232CD6EF00A91C8C /* Scrypt.swift */; };
		8433B0EE232CD6EF00A91C8C /* ScryptParams.swift in Sources */ = {isa = PBXBuildFile; fileRef = 8433B090232CD6EF00A91C8C /* ScryptParams.swift */; };
		8433B0F0232CD6EF00A91C8C /* KeyStore.Error.swift in Sources */ = {isa = PBXBuildFile; fileRef = 8433B091232CD6EF00A91C8C /* KeyStore.Error.swift */; };
		8433B0F2232CD6EF00A91C8C /* KeystoreKey.swift in Sources */ = {isa = PBXBuildFile; fileRef = 8433B092232CD6EF00A91C8C /* KeystoreKey.swift */; };
		8433B0F4232CD6EF00A91C8C /* Account.swift in Sources */ = {isa = PBXBuildFile; fileRef = 8433B093232CD6EF00A91C8C /* Account.swift */; };
		8433B0F6232CD6EF00A91C8C /* KeystoreKeyHeader.swift in Sources */ = {isa = PBXBuildFile; fileRef = 8433B094232CD6EF00A91C8C /* KeystoreKeyHeader.swift */; };
		8433B0F8232CD6EF00A91C8C /* Wallet.swift in Sources */ = {isa = PBXBuildFile; fileRef = 8433B095232CD6EF00A91C8C /* Wallet.swift */; };
		8433B0FA232CD6EF00A91C8C /* SentTransaction.swift in Sources */ = {isa = PBXBuildFile; fileRef = 8433B09A232CD6EF00A91C8C /* SentTransaction.swift */; };
		8433B0FC232CD6EF00A91C8C /* ConfigureTransaction.swift in Sources */ = {isa = PBXBuildFile; fileRef = 8433B09B232CD6EF00A91C8C /* ConfigureTransaction.swift */; };
		8433B0FE232CD6EF00A91C8C /* SignTransaction.swift in Sources */ = {isa = PBXBuildFile; fileRef = 8433B09C232CD6EF00A91C8C /* SignTransaction.swift */; };
		8433B100232CD6EF00A91C8C /* UnconfirmedTransaction.swift in Sources */ = {isa = PBXBuildFile; fileRef = 8433B09D232CD6EF00A91C8C /* UnconfirmedTransaction.swift */; };
		8433B102232CD6EF00A91C8C /* GasLimitConfiguration.swift in Sources */ = {isa = PBXBuildFile; fileRef = 8433B09E232CD6EF00A91C8C /* GasLimitConfiguration.swift */; };
		8433B104232CD6EF00A91C8C /* BalanceStatus.swift in Sources */ = {isa = PBXBuildFile; fileRef = 8433B09F232CD6EF00A91C8C /* BalanceStatus.swift */; };
		8433B106232CD6EF00A91C8C /* GasPriceConfiguration.swift in Sources */ = {isa = PBXBuildFile; fileRef = 8433B0A0232CD6EF00A91C8C /* GasPriceConfiguration.swift */; };
		8433B108232CD6EF00A91C8C /* TransactionConfiguration.swift in Sources */ = {isa = PBXBuildFile; fileRef = 8433B0A1232CD6EF00A91C8C /* TransactionConfiguration.swift */; };
		8433B10A232CD6EF00A91C8C /* Transfer.swift in Sources */ = {isa = PBXBuildFile; fileRef = 8433B0A2232CD6EF00A91C8C /* Transfer.swift */; };
		8433B10C232CD6EF00A91C8C /* SendTransactionCoordinator.swift in Sources */ = {isa = PBXBuildFile; fileRef = 8433B0A4232CD6EF00A91C8C /* SendTransactionCoordinator.swift */; };
		8433B10E232CD6EF00A91C8C /* TransactionConfigurator.swift in Sources */ = {isa = PBXBuildFile; fileRef = 8433B0A5232CD6EF00A91C8C /* TransactionConfigurator.swift */; };
		8433B110232CD6EF00A91C8C /* Signer.swift in Sources */ = {isa = PBXBuildFile; fileRef = 8433B0A6232CD6EF00A91C8C /* Signer.swift */; };
		8433B112232CD6EF00A91C8C /* EthTypedData.swift in Sources */ = {isa = PBXBuildFile; fileRef = 8433B0A7232CD6EF00A91C8C /* EthTypedData.swift */; };
		8433B114232CD6EF00A91C8C /* TomoNumberFormater.swift in Sources */ = {isa = PBXBuildFile; fileRef = 8433B0A8232CD6EF00A91C8C /* TomoNumberFormater.swift */; };
		8433B116232CD6EF00A91C8C /* RPCServer.swift in Sources */ = {isa = PBXBuildFile; fileRef = 8433B0AA232CD6EF00A91C8C /* RPCServer.swift */; };
		8433B118232CD6EF00A91C8C /* NetworkProvider.swift in Sources */ = {isa = PBXBuildFile; fileRef = 8433B0AD232CD6EF00A91C8C /* NetworkProvider.swift */; };
		8433B11A232CD6F000A91C8C /* NonceProvider.swift in Sources */ = {isa = PBXBuildFile; fileRef = 8433B0AE232CD6EF00A91C8C /* NonceProvider.swift */; };
		8433B11C232CD6F000A91C8C /* ChainStateProvider.swift in Sources */ = {isa = PBXBuildFile; fileRef = 8433B0AF232CD6EF00A91C8C /* ChainStateProvider.swift */; };
		8433B11E232CD6F000A91C8C /* ApiProviderFactory.swift in Sources */ = {isa = PBXBuildFile; fileRef = 8433B0B0232CD6EF00A91C8C /* ApiProviderFactory.swift */; };
		8433B120232CD6F000A91C8C /* Api.swift in Sources */ = {isa = PBXBuildFile; fileRef = 8433B0B1232CD6EF00A91C8C /* Api.swift */; };
		8433B122232CD6F000A91C8C /* RPCResultsDecodable.swift in Sources */ = {isa = PBXBuildFile; fileRef = 8433B0B2232CD6EF00A91C8C /* RPCResultsDecodable.swift */; };
		8433B124232CD6F000A91C8C /* Unit.swift in Sources */ = {isa = PBXBuildFile; fileRef = 8433B0B3232CD6EF00A91C8C /* Unit.swift */; };
		8433B126232CD6F000A91C8C /* Subscribable.swift in Sources */ = {isa = PBXBuildFile; fileRef = 8433B0B4232CD6EF00A91C8C /* Subscribable.swift */; };
		8433B128232CD6F000A91C8C /* TomoKeystoreProtocol.swift in Sources */ = {isa = PBXBuildFile; fileRef = 8433B0B6232CD6EF00A91C8C /* TomoKeystoreProtocol.swift */; };
		8433B12A232CD6F000A91C8C /* TomoKeystoreError.swift in Sources */ = {isa = PBXBuildFile; fileRef = 8433B0B7232CD6EF00A91C8C /* TomoKeystoreError.swift */; };
		8433B12C232CD6F000A91C8C /* TomoWalletType.swift in Sources */ = {isa = PBXBuildFile; fileRef = 8433B0B8232CD6EF00A91C8C /* TomoWalletType.swift */; };
		8433B12E232CD6F000A91C8C /* TomoWallet.swift in Sources */ = {isa = PBXBuildFile; fileRef = 8433B0B9232CD6EF00A91C8C /* TomoWallet.swift */; };
		8433B130232CD6F000A91C8C /* WalletCore.swift in Sources */ = {isa = PBXBuildFile; fileRef = 8433B0BA232CD6EF00A91C8C /* WalletCore.swift */; };
		8433B132232CD6F000A91C8C /* WalletInfo.swift in Sources */ = {isa = PBXBuildFile; fileRef = 8433B0BB232CD6EF00A91C8C /* WalletInfo.swift */; };
		8433B134232CD6F000A91C8C /* PasswordGenerator.swift in Sources */ = {isa = PBXBuildFile; fileRef = 8433B0BC232CD6EF00A91C8C /* PasswordGenerator.swift */; };
		8433B136232CD6F000A91C8C /* TomoWalletService.swift in Sources */ = {isa = PBXBuildFile; fileRef = 8433B0BD232CD6EF00A91C8C /* TomoWalletService.swift */; };
		8433B138232CD6F000A91C8C /* WalletAddress.swift in Sources */ = {isa = PBXBuildFile; fileRef = 8433B0C0232CD6EF00A91C8C /* WalletAddress.swift */; };
		8433B13A232CD6F000A91C8C /* TomoWalletObject.swift in Sources */ = {isa = PBXBuildFile; fileRef = 8433B0C1232CD6EF00A91C8C /* TomoWalletObject.swift */; };
		8433B13C232CD6F000A91C8C /* TomoWalletStore.swift in Sources */ = {isa = PBXBuildFile; fileRef = 8433B0C2232CD6EF00A91C8C /* TomoWalletStore.swift */; };
		8433B13E232CD6F000A91C8C /* Tomokeystore.swift in Sources */ = {isa = PBXBuildFile; fileRef = 8433B0C3232CD6EF00A91C8C /* Tomokeystore.swift */; };
		8433B140232CD6F000A91C8C /* Constants.swift in Sources */ = {isa = PBXBuildFile; fileRef = 8433B0C5232CD6EF00A91C8C /* Constants.swift */; };
		8433B142232CD6F000A91C8C /* Config.swift in Sources */ = {isa = PBXBuildFile; fileRef = 8433B0C6232CD6EF00A91C8C /* Config.swift */; };
		8433B144232CD6F000A91C8C /* Data.swift in Sources */ = {isa = PBXBuildFile; fileRef = 8433B0C8232CD6EF00A91C8C /* Data.swift */; };
		8433B146232CD6F000A91C8C /* String.swift in Sources */ = {isa = PBXBuildFile; fileRef = 8433B0C9232CD6EF00A91C8C /* String.swift */; };
		8433B148232CD6F000A91C8C /* BigInt.swift in Sources */ = {isa = PBXBuildFile; fileRef = 8433B0CA232CD6EF00A91C8C /* BigInt.swift */; };
		8433B14A232CD6F000A91C8C /* RLP.swift in Sources */ = {isa = PBXBuildFile; fileRef = 8433B0CC232CD6EF00A91C8C /* RLP.swift */; };
		8433B14C232CD6F000A91C8C /* PublicKey.swift in Sources */ = {isa = PBXBuildFile; fileRef = 8433B0CD232CD6EF00A91C8C /* PublicKey.swift */; };
		8433B14E232CD6F000A91C8C /* Data+Hex.swift in Sources */ = {isa = PBXBuildFile; fileRef = 8433B0CE232CD6EF00A91C8C /* Data+Hex.swift */; };
		8433B150232CD6F000A91C8C /* Address.swift in Sources */ = {isa = PBXBuildFile; fileRef = 8433B0CF232CD6EF00A91C8C /* Address.swift */; };
		8433B152232CD6F000A91C8C /* String+Clear.swift in Sources */ = {isa = PBXBuildFile; fileRef = 8433B0D0232CD6EF00A91C8C /* String+Clear.swift */; };
		8433B154232CD6F000A91C8C /* DerivationPath.swift in Sources */ = {isa = PBXBuildFile; fileRef = 8433B0D2232CD6EF00A91C8C /* DerivationPath.swift */; };
		8433B156232CD6F000A91C8C /* DerivationPath.Index.swift in Sources */ = {isa = PBXBuildFile; fileRef = 8433B0D3232CD6EF00A91C8C /* DerivationPath.Index.swift */; };
		8433B158232CD6F000A91C8C /* HDWallet.swift in Sources */ = {isa = PBXBuildFile; fileRef = 8433B0D4232CD6EF00A91C8C /* HDWallet.swift */; };
		8433B15B232CD6F000A91C8C /* EthereumPublicKey.swift in Sources */ = {isa = PBXBuildFile; fileRef = 8433B0D6232CD6EF00A91C8C /* EthereumPublicKey.swift */; };
		8433B15D232CD6F000A91C8C /* EthereumAddress.swift in Sources */ = {isa = PBXBuildFile; fileRef = 8433B0D7232CD6EF00A91C8C /* EthereumAddress.swift */; };
		8433B15F232CD6F000A91C8C /* ABIEncoder.swift in Sources */ = {isa = PBXBuildFile; fileRef = 8433B0D9232CD6EF00A91C8C /* ABIEncoder.swift */; };
		8433B161232CD6F000A91C8C /* TRCIssuerEncoder.swift in Sources */ = {isa = PBXBuildFile; fileRef = 8433B0DA232CD6EF00A91C8C /* TRCIssuerEncoder.swift */; };
		8433B163232CD6F000A91C8C /* ENSEncoder.swift in Sources */ = {isa = PBXBuildFile; fileRef = 8433B0DB232CD6EF00A91C8C /* ENSEncoder.swift */; };
		8433B165232CD6F000A91C8C /* ABIDecoder.swift in Sources */ = {isa = PBXBuildFile; fileRef = 8433B0DC232CD6EF00A91C8C /* ABIDecoder.swift */; };
		8433B167232CD6F000A91C8C /* ABIValue.swift in Sources */ = {isa = PBXBuildFile; fileRef = 8433B0DD232CD6EF00A91C8C /* ABIValue.swift */; };
		8433B169232CD6F000A91C8C /* ABIType.swift in Sources */ = {isa = PBXBuildFile; fileRef = 8433B0DE232CD6EF00A91C8C /* ABIType.swift */; };
		8433B16B232CD6F000A91C8C /* TRC21Encoder.swift in Sources */ = {isa = PBXBuildFile; fileRef = 8433B0DF232CD6EF00A91C8C /* TRC21Encoder.swift */; };
		8433B16D232CD6F000A91C8C /* ABIError.swift in Sources */ = {isa = PBXBuildFile; fileRef = 8433B0E0232CD6EF00A91C8C /* ABIError.swift */; };
		8433B16F232CD6F000A91C8C /* Function.swift in Sources */ = {isa = PBXBuildFile; fileRef = 8433B0E1232CD6EF00A91C8C /* Function.swift */; };
		8433B171232CD6F000A91C8C /* ERC20Encoder.swift in Sources */ = {isa = PBXBuildFile; fileRef = 8433B0E2232CD6EF00A91C8C /* ERC20Encoder.swift */; };
		8433B173232CD6F000A91C8C /* PrivateKey.swift in Sources */ = {isa = PBXBuildFile; fileRef = 8433B0E3232CD6EF00A91C8C /* PrivateKey.swift */; };
		8433B175232CD6F000A91C8C /* Coin.swift in Sources */ = {isa = PBXBuildFile; fileRef = 8433B0E4232CD6EF00A91C8C /* Coin.swift */; };
		8433B177232CD6F000A91C8C /* Ethereum.swift in Sources */ = {isa = PBXBuildFile; fileRef = 8433B0E5232CD6EF00A91C8C /* Ethereum.swift */; };
		8433B179232CD6F000A91C8C /* Namehash.swift in Sources */ = {isa = PBXBuildFile; fileRef = 8433B0E6232CD6EF00A91C8C /* Namehash.swift */; };
		8433B17B232CD6F000A91C8C /* Data+Clear.swift in Sources */ = {isa = PBXBuildFile; fileRef = 8433B0E7232CD6EF00A91C8C /* Data+Clear.swift */; };
		8433B17D232CD6F000A91C8C /* Crypto.m in Sources */ = {isa = PBXBuildFile; fileRef = 8433B0E8232CD6EF00A91C8C /* Crypto.m */; };
		8433B17F232CD6F000A91C8C /* ReverseResolverEncoder.swift in Sources */ = {isa = PBXBuildFile; fileRef = 8433B0E9232CD6EF00A91C8C /* ReverseResolverEncoder.swift */; };
		8433B184232CDF6300A91C8C /* Crypto.h in Headers */ = {isa = PBXBuildFile; fileRef = 8433B0D5232CD6EF00A91C8C /* Crypto.h */; settings = {ATTRIBUTES = (Public, ); }; };
		8433B189232CE04500A91C8C /* Bitcoin.swift in Sources */ = {isa = PBXBuildFile; fileRef = 8433B185232CE04400A91C8C /* Bitcoin.swift */; };
		8433B18B232CE04500A91C8C /* BitcoinTransaction.swift in Sources */ = {isa = PBXBuildFile; fileRef = 8433B186232CE04500A91C8C /* BitcoinTransaction.swift */; };
		8433B18D232CE04500A91C8C /* BitcoinAddress.swift in Sources */ = {isa = PBXBuildFile; fileRef = 8433B187232CE04500A91C8C /* BitcoinAddress.swift */; };
		8433B18F232CE04500A91C8C /* BitcoinPublicKey.swift in Sources */ = {isa = PBXBuildFile; fileRef = 8433B188232CE04500A91C8C /* BitcoinPublicKey.swift */; };
		8461B2DB23169622009B8954 /* TomoWalletCore.framework in Frameworks */ = {isa = PBXBuildFile; fileRef = 8461B2D123169622009B8954 /* TomoWalletCore.framework */; };
		8461B2E223169622009B8954 /* TomoWalletCore.h in Headers */ = {isa = PBXBuildFile; fileRef = 8461B2D423169622009B8954 /* TomoWalletCore.h */; settings = {ATTRIBUTES = (Public, ); }; };
		84BEABD023337C9D004A9756 /* SkipBackupFilesInitializer.swift in Sources */ = {isa = PBXBuildFile; fileRef = 84BEABCF23337C9D004A9756 /* SkipBackupFilesInitializer.swift */; };
/* End PBXBuildFile section */

/* Begin PBXContainerItemProxy section */
		8461B2DC23169622009B8954 /* PBXContainerItemProxy */ = {
			isa = PBXContainerItemProxy;
			containerPortal = 8461B2C823169622009B8954 /* Project object */;
			proxyType = 1;
			remoteGlobalIDString = 8461B2D023169622009B8954;
			remoteInfo = TomoWalletCore;
		};
/* End PBXContainerItemProxy section */

/* Begin PBXFileReference section */
		142EEA18EC14A4164BC2045A /* Pods_TomoWalletCoreTests.framework */ = {isa = PBXFileReference; explicitFileType = wrapper.framework; includeInIndex = 0; path = Pods_TomoWalletCoreTests.framework; sourceTree = BUILT_PRODUCTS_DIR; };
		2C53F2432334B90C000231EC /* Pods_TomoWalletCore.framework */ = {isa = PBXFileReference; explicitFileType = wrapper.framework; path = Pods_TomoWalletCore.framework; sourceTree = BUILT_PRODUCTS_DIR; };
		2C53F3252334C603000231EC /* WalletTest.swift */ = {isa = PBXFileReference; lastKnownFileType = sourcecode.swift; path = WalletTest.swift; sourceTree = "<group>"; };
		3DA8F2DF8EAC607FCE16CE78 /* Pods-TomoWalletCore.debug.xcconfig */ = {isa = PBXFileReference; includeInIndex = 1; lastKnownFileType = text.xcconfig; name = "Pods-TomoWalletCore.debug.xcconfig"; path = "Target Support Files/Pods-TomoWalletCore/Pods-TomoWalletCore.debug.xcconfig"; sourceTree = "<group>"; };
		49D2B27C817A8BBB5FB7F367 /* Pods-TomoWalletCoreTests.debug.xcconfig */ = {isa = PBXFileReference; includeInIndex = 1; lastKnownFileType = text.xcconfig; name = "Pods-TomoWalletCoreTests.debug.xcconfig"; path = "Target Support Files/Pods-TomoWalletCoreTests/Pods-TomoWalletCoreTests.debug.xcconfig"; sourceTree = "<group>"; };
		54B71557750EDAD4846DAC68 /* Pods-TomoWalletCoreTests.release.xcconfig */ = {isa = PBXFileReference; includeInIndex = 1; lastKnownFileType = text.xcconfig; name = "Pods-TomoWalletCoreTests.release.xcconfig"; path = "Target Support Files/Pods-TomoWalletCoreTests/Pods-TomoWalletCoreTests.release.xcconfig"; sourceTree = "<group>"; };
		587AE5F4445D6EE741CE68B2 /* Pods-TomoWalletCore.release.xcconfig */ = {isa = PBXFileReference; includeInIndex = 1; lastKnownFileType = text.xcconfig; name = "Pods-TomoWalletCore.release.xcconfig"; path = "Target Support Files/Pods-TomoWalletCore/Pods-TomoWalletCore.release.xcconfig"; sourceTree = "<group>"; };
		8000E739563B1D0E65C54658 /* Pods_TomoWalletCore.framework */ = {isa = PBXFileReference; explicitFileType = wrapper.framework; includeInIndex = 0; path = Pods_TomoWalletCore.framework; sourceTree = BUILT_PRODUCTS_DIR; };
		8433B08E232CD6EF00A91C8C /* KeyStore.swift */ = {isa = PBXFileReference; fileEncoding = 4; lastKnownFileType = sourcecode.swift; path = KeyStore.swift; sourceTree = "<group>"; };
		8433B08F232CD6EF00A91C8C /* Scrypt.swift */ = {isa = PBXFileReference; fileEncoding = 4; lastKnownFileType = sourcecode.swift; path = Scrypt.swift; sourceTree = "<group>"; };
		8433B090232CD6EF00A91C8C /* ScryptParams.swift */ = {isa = PBXFileReference; fileEncoding = 4; lastKnownFileType = sourcecode.swift; path = ScryptParams.swift; sourceTree = "<group>"; };
		8433B091232CD6EF00A91C8C /* KeyStore.Error.swift */ = {isa = PBXFileReference; fileEncoding = 4; lastKnownFileType = sourcecode.swift; path = KeyStore.Error.swift; sourceTree = "<group>"; };
		8433B092232CD6EF00A91C8C /* KeystoreKey.swift */ = {isa = PBXFileReference; fileEncoding = 4; lastKnownFileType = sourcecode.swift; path = KeystoreKey.swift; sourceTree = "<group>"; };
		8433B093232CD6EF00A91C8C /* Account.swift */ = {isa = PBXFileReference; fileEncoding = 4; lastKnownFileType = sourcecode.swift; path = Account.swift; sourceTree = "<group>"; };
		8433B094232CD6EF00A91C8C /* KeystoreKeyHeader.swift */ = {isa = PBXFileReference; fileEncoding = 4; lastKnownFileType = sourcecode.swift; path = KeystoreKeyHeader.swift; sourceTree = "<group>"; };
		8433B095232CD6EF00A91C8C /* Wallet.swift */ = {isa = PBXFileReference; fileEncoding = 4; lastKnownFileType = sourcecode.swift; path = Wallet.swift; sourceTree = "<group>"; };
		8433B09A232CD6EF00A91C8C /* SentTransaction.swift */ = {isa = PBXFileReference; fileEncoding = 4; lastKnownFileType = sourcecode.swift; path = SentTransaction.swift; sourceTree = "<group>"; };
		8433B09B232CD6EF00A91C8C /* ConfigureTransaction.swift */ = {isa = PBXFileReference; fileEncoding = 4; lastKnownFileType = sourcecode.swift; path = ConfigureTransaction.swift; sourceTree = "<group>"; };
		8433B09C232CD6EF00A91C8C /* SignTransaction.swift */ = {isa = PBXFileReference; fileEncoding = 4; lastKnownFileType = sourcecode.swift; path = SignTransaction.swift; sourceTree = "<group>"; };
		8433B09D232CD6EF00A91C8C /* UnconfirmedTransaction.swift */ = {isa = PBXFileReference; fileEncoding = 4; lastKnownFileType = sourcecode.swift; path = UnconfirmedTransaction.swift; sourceTree = "<group>"; };
		8433B09E232CD6EF00A91C8C /* GasLimitConfiguration.swift */ = {isa = PBXFileReference; fileEncoding = 4; lastKnownFileType = sourcecode.swift; path = GasLimitConfiguration.swift; sourceTree = "<group>"; };
		8433B09F232CD6EF00A91C8C /* BalanceStatus.swift */ = {isa = PBXFileReference; fileEncoding = 4; lastKnownFileType = sourcecode.swift; path = BalanceStatus.swift; sourceTree = "<group>"; };
		8433B0A0232CD6EF00A91C8C /* GasPriceConfiguration.swift */ = {isa = PBXFileReference; fileEncoding = 4; lastKnownFileType = sourcecode.swift; path = GasPriceConfiguration.swift; sourceTree = "<group>"; };
		8433B0A1232CD6EF00A91C8C /* TransactionConfiguration.swift */ = {isa = PBXFileReference; fileEncoding = 4; lastKnownFileType = sourcecode.swift; path = TransactionConfiguration.swift; sourceTree = "<group>"; };
		8433B0A2232CD6EF00A91C8C /* Transfer.swift */ = {isa = PBXFileReference; fileEncoding = 4; lastKnownFileType = sourcecode.swift; path = Transfer.swift; sourceTree = "<group>"; };
		8433B0A4232CD6EF00A91C8C /* SendTransactionCoordinator.swift */ = {isa = PBXFileReference; fileEncoding = 4; lastKnownFileType = sourcecode.swift; path = SendTransactionCoordinator.swift; sourceTree = "<group>"; };
		8433B0A5232CD6EF00A91C8C /* TransactionConfigurator.swift */ = {isa = PBXFileReference; fileEncoding = 4; lastKnownFileType = sourcecode.swift; path = TransactionConfigurator.swift; sourceTree = "<group>"; };
		8433B0A6232CD6EF00A91C8C /* Signer.swift */ = {isa = PBXFileReference; fileEncoding = 4; lastKnownFileType = sourcecode.swift; path = Signer.swift; sourceTree = "<group>"; };
		8433B0A7232CD6EF00A91C8C /* EthTypedData.swift */ = {isa = PBXFileReference; fileEncoding = 4; lastKnownFileType = sourcecode.swift; path = EthTypedData.swift; sourceTree = "<group>"; };
		8433B0A8232CD6EF00A91C8C /* TomoNumberFormater.swift */ = {isa = PBXFileReference; fileEncoding = 4; lastKnownFileType = sourcecode.swift; path = TomoNumberFormater.swift; sourceTree = "<group>"; };
		8433B0AA232CD6EF00A91C8C /* RPCServer.swift */ = {isa = PBXFileReference; fileEncoding = 4; lastKnownFileType = sourcecode.swift; path = RPCServer.swift; sourceTree = "<group>"; };
		8433B0AD232CD6EF00A91C8C /* NetworkProvider.swift */ = {isa = PBXFileReference; fileEncoding = 4; lastKnownFileType = sourcecode.swift; path = NetworkProvider.swift; sourceTree = "<group>"; };
		8433B0AE232CD6EF00A91C8C /* NonceProvider.swift */ = {isa = PBXFileReference; fileEncoding = 4; lastKnownFileType = sourcecode.swift; path = NonceProvider.swift; sourceTree = "<group>"; };
		8433B0AF232CD6EF00A91C8C /* ChainStateProvider.swift */ = {isa = PBXFileReference; fileEncoding = 4; lastKnownFileType = sourcecode.swift; path = ChainStateProvider.swift; sourceTree = "<group>"; };
		8433B0B0232CD6EF00A91C8C /* ApiProviderFactory.swift */ = {isa = PBXFileReference; fileEncoding = 4; lastKnownFileType = sourcecode.swift; path = ApiProviderFactory.swift; sourceTree = "<group>"; };
		8433B0B1232CD6EF00A91C8C /* Api.swift */ = {isa = PBXFileReference; fileEncoding = 4; lastKnownFileType = sourcecode.swift; path = Api.swift; sourceTree = "<group>"; };
		8433B0B2232CD6EF00A91C8C /* RPCResultsDecodable.swift */ = {isa = PBXFileReference; fileEncoding = 4; lastKnownFileType = sourcecode.swift; path = RPCResultsDecodable.swift; sourceTree = "<group>"; };
		8433B0B3232CD6EF00A91C8C /* Unit.swift */ = {isa = PBXFileReference; fileEncoding = 4; lastKnownFileType = sourcecode.swift; path = Unit.swift; sourceTree = "<group>"; };
		8433B0B4232CD6EF00A91C8C /* Subscribable.swift */ = {isa = PBXFileReference; fileEncoding = 4; lastKnownFileType = sourcecode.swift; path = Subscribable.swift; sourceTree = "<group>"; };
		8433B0B6232CD6EF00A91C8C /* TomoKeystoreProtocol.swift */ = {isa = PBXFileReference; fileEncoding = 4; lastKnownFileType = sourcecode.swift; path = TomoKeystoreProtocol.swift; sourceTree = "<group>"; };
		8433B0B7232CD6EF00A91C8C /* TomoKeystoreError.swift */ = {isa = PBXFileReference; fileEncoding = 4; lastKnownFileType = sourcecode.swift; path = TomoKeystoreError.swift; sourceTree = "<group>"; };
		8433B0B8232CD6EF00A91C8C /* TomoWalletType.swift */ = {isa = PBXFileReference; fileEncoding = 4; lastKnownFileType = sourcecode.swift; path = TomoWalletType.swift; sourceTree = "<group>"; };
		8433B0B9232CD6EF00A91C8C /* TomoWallet.swift */ = {isa = PBXFileReference; fileEncoding = 4; lastKnownFileType = sourcecode.swift; path = TomoWallet.swift; sourceTree = "<group>"; };
		8433B0BA232CD6EF00A91C8C /* WalletCore.swift */ = {isa = PBXFileReference; fileEncoding = 4; lastKnownFileType = sourcecode.swift; path = WalletCore.swift; sourceTree = "<group>"; };
		8433B0BB232CD6EF00A91C8C /* WalletInfo.swift */ = {isa = PBXFileReference; fileEncoding = 4; lastKnownFileType = sourcecode.swift; path = WalletInfo.swift; sourceTree = "<group>"; };
		8433B0BC232CD6EF00A91C8C /* PasswordGenerator.swift */ = {isa = PBXFileReference; fileEncoding = 4; lastKnownFileType = sourcecode.swift; path = PasswordGenerator.swift; sourceTree = "<group>"; };
		8433B0BD232CD6EF00A91C8C /* TomoWalletService.swift */ = {isa = PBXFileReference; fileEncoding = 4; lastKnownFileType = sourcecode.swift; path = TomoWalletService.swift; sourceTree = "<group>"; };
		8433B0C0232CD6EF00A91C8C /* WalletAddress.swift */ = {isa = PBXFileReference; fileEncoding = 4; lastKnownFileType = sourcecode.swift; path = WalletAddress.swift; sourceTree = "<group>"; };
		8433B0C1232CD6EF00A91C8C /* TomoWalletObject.swift */ = {isa = PBXFileReference; fileEncoding = 4; lastKnownFileType = sourcecode.swift; path = TomoWalletObject.swift; sourceTree = "<group>"; };
		8433B0C2232CD6EF00A91C8C /* TomoWalletStore.swift */ = {isa = PBXFileReference; fileEncoding = 4; lastKnownFileType = sourcecode.swift; path = TomoWalletStore.swift; sourceTree = "<group>"; };
		8433B0C3232CD6EF00A91C8C /* Tomokeystore.swift */ = {isa = PBXFileReference; fileEncoding = 4; lastKnownFileType = sourcecode.swift; path = Tomokeystore.swift; sourceTree = "<group>"; };
		8433B0C5232CD6EF00A91C8C /* Constants.swift */ = {isa = PBXFileReference; fileEncoding = 4; lastKnownFileType = sourcecode.swift; path = Constants.swift; sourceTree = "<group>"; };
		8433B0C6232CD6EF00A91C8C /* Config.swift */ = {isa = PBXFileReference; fileEncoding = 4; lastKnownFileType = sourcecode.swift; path = Config.swift; sourceTree = "<group>"; };
		8433B0C8232CD6EF00A91C8C /* Data.swift */ = {isa = PBXFileReference; fileEncoding = 4; lastKnownFileType = sourcecode.swift; path = Data.swift; sourceTree = "<group>"; };
		8433B0C9232CD6EF00A91C8C /* String.swift */ = {isa = PBXFileReference; fileEncoding = 4; lastKnownFileType = sourcecode.swift; path = String.swift; sourceTree = "<group>"; };
		8433B0CA232CD6EF00A91C8C /* BigInt.swift */ = {isa = PBXFileReference; fileEncoding = 4; lastKnownFileType = sourcecode.swift; path = BigInt.swift; sourceTree = "<group>"; };
		8433B0CC232CD6EF00A91C8C /* RLP.swift */ = {isa = PBXFileReference; fileEncoding = 4; lastKnownFileType = sourcecode.swift; path = RLP.swift; sourceTree = "<group>"; };
		8433B0CD232CD6EF00A91C8C /* PublicKey.swift */ = {isa = PBXFileReference; fileEncoding = 4; lastKnownFileType = sourcecode.swift; path = PublicKey.swift; sourceTree = "<group>"; };
		8433B0CE232CD6EF00A91C8C /* Data+Hex.swift */ = {isa = PBXFileReference; fileEncoding = 4; lastKnownFileType = sourcecode.swift; path = "Data+Hex.swift"; sourceTree = "<group>"; };
		8433B0CF232CD6EF00A91C8C /* Address.swift */ = {isa = PBXFileReference; fileEncoding = 4; lastKnownFileType = sourcecode.swift; path = Address.swift; sourceTree = "<group>"; };
		8433B0D0232CD6EF00A91C8C /* String+Clear.swift */ = {isa = PBXFileReference; fileEncoding = 4; lastKnownFileType = sourcecode.swift; path = "String+Clear.swift"; sourceTree = "<group>"; };
		8433B0D2232CD6EF00A91C8C /* DerivationPath.swift */ = {isa = PBXFileReference; fileEncoding = 4; lastKnownFileType = sourcecode.swift; path = DerivationPath.swift; sourceTree = "<group>"; };
		8433B0D3232CD6EF00A91C8C /* DerivationPath.Index.swift */ = {isa = PBXFileReference; fileEncoding = 4; lastKnownFileType = sourcecode.swift; path = DerivationPath.Index.swift; sourceTree = "<group>"; };
		8433B0D4232CD6EF00A91C8C /* HDWallet.swift */ = {isa = PBXFileReference; fileEncoding = 4; lastKnownFileType = sourcecode.swift; path = HDWallet.swift; sourceTree = "<group>"; };
		8433B0D5232CD6EF00A91C8C /* Crypto.h */ = {isa = PBXFileReference; fileEncoding = 4; lastKnownFileType = sourcecode.c.h; path = Crypto.h; sourceTree = "<group>"; };
		8433B0D6232CD6EF00A91C8C /* EthereumPublicKey.swift */ = {isa = PBXFileReference; fileEncoding = 4; lastKnownFileType = sourcecode.swift; path = EthereumPublicKey.swift; sourceTree = "<group>"; };
		8433B0D7232CD6EF00A91C8C /* EthereumAddress.swift */ = {isa = PBXFileReference; fileEncoding = 4; lastKnownFileType = sourcecode.swift; path = EthereumAddress.swift; sourceTree = "<group>"; };
		8433B0D9232CD6EF00A91C8C /* ABIEncoder.swift */ = {isa = PBXFileReference; fileEncoding = 4; lastKnownFileType = sourcecode.swift; path = ABIEncoder.swift; sourceTree = "<group>"; };
		8433B0DA232CD6EF00A91C8C /* TRCIssuerEncoder.swift */ = {isa = PBXFileReference; fileEncoding = 4; lastKnownFileType = sourcecode.swift; path = TRCIssuerEncoder.swift; sourceTree = "<group>"; };
		8433B0DB232CD6EF00A91C8C /* ENSEncoder.swift */ = {isa = PBXFileReference; fileEncoding = 4; lastKnownFileType = sourcecode.swift; path = ENSEncoder.swift; sourceTree = "<group>"; };
		8433B0DC232CD6EF00A91C8C /* ABIDecoder.swift */ = {isa = PBXFileReference; fileEncoding = 4; lastKnownFileType = sourcecode.swift; path = ABIDecoder.swift; sourceTree = "<group>"; };
		8433B0DD232CD6EF00A91C8C /* ABIValue.swift */ = {isa = PBXFileReference; fileEncoding = 4; lastKnownFileType = sourcecode.swift; path = ABIValue.swift; sourceTree = "<group>"; };
		8433B0DE232CD6EF00A91C8C /* ABIType.swift */ = {isa = PBXFileReference; fileEncoding = 4; lastKnownFileType = sourcecode.swift; path = ABIType.swift; sourceTree = "<group>"; };
		8433B0DF232CD6EF00A91C8C /* TRC21Encoder.swift */ = {isa = PBXFileReference; fileEncoding = 4; lastKnownFileType = sourcecode.swift; path = TRC21Encoder.swift; sourceTree = "<group>"; };
		8433B0E0232CD6EF00A91C8C /* ABIError.swift */ = {isa = PBXFileReference; fileEncoding = 4; lastKnownFileType = sourcecode.swift; path = ABIError.swift; sourceTree = "<group>"; };
		8433B0E1232CD6EF00A91C8C /* Function.swift */ = {isa = PBXFileReference; fileEncoding = 4; lastKnownFileType = sourcecode.swift; path = Function.swift; sourceTree = "<group>"; };
		8433B0E2232CD6EF00A91C8C /* ERC20Encoder.swift */ = {isa = PBXFileReference; fileEncoding = 4; lastKnownFileType = sourcecode.swift; path = ERC20Encoder.swift; sourceTree = "<group>"; };
		8433B0E3232CD6EF00A91C8C /* PrivateKey.swift */ = {isa = PBXFileReference; fileEncoding = 4; lastKnownFileType = sourcecode.swift; path = PrivateKey.swift; sourceTree = "<group>"; };
		8433B0E4232CD6EF00A91C8C /* Coin.swift */ = {isa = PBXFileReference; fileEncoding = 4; lastKnownFileType = sourcecode.swift; path = Coin.swift; sourceTree = "<group>"; };
		8433B0E5232CD6EF00A91C8C /* Ethereum.swift */ = {isa = PBXFileReference; fileEncoding = 4; lastKnownFileType = sourcecode.swift; path = Ethereum.swift; sourceTree = "<group>"; };
		8433B0E6232CD6EF00A91C8C /* Namehash.swift */ = {isa = PBXFileReference; fileEncoding = 4; lastKnownFileType = sourcecode.swift; path = Namehash.swift; sourceTree = "<group>"; };
		8433B0E7232CD6EF00A91C8C /* Data+Clear.swift */ = {isa = PBXFileReference; fileEncoding = 4; lastKnownFileType = sourcecode.swift; path = "Data+Clear.swift"; sourceTree = "<group>"; };
		8433B0E8232CD6EF00A91C8C /* Crypto.m */ = {isa = PBXFileReference; fileEncoding = 4; lastKnownFileType = sourcecode.c.objc; path = Crypto.m; sourceTree = "<group>"; };
		8433B0E9232CD6EF00A91C8C /* ReverseResolverEncoder.swift */ = {isa = PBXFileReference; fileEncoding = 4; lastKnownFileType = sourcecode.swift; path = ReverseResolverEncoder.swift; sourceTree = "<group>"; };
		8433B185232CE04400A91C8C /* Bitcoin.swift */ = {isa = PBXFileReference; fileEncoding = 4; lastKnownFileType = sourcecode.swift; path = Bitcoin.swift; sourceTree = "<group>"; };
		8433B186232CE04500A91C8C /* BitcoinTransaction.swift */ = {isa = PBXFileReference; fileEncoding = 4; lastKnownFileType = sourcecode.swift; path = BitcoinTransaction.swift; sourceTree = "<group>"; };
		8433B187232CE04500A91C8C /* BitcoinAddress.swift */ = {isa = PBXFileReference; fileEncoding = 4; lastKnownFileType = sourcecode.swift; path = BitcoinAddress.swift; sourceTree = "<group>"; };
		8433B188232CE04500A91C8C /* BitcoinPublicKey.swift */ = {isa = PBXFileReference; fileEncoding = 4; lastKnownFileType = sourcecode.swift; path = BitcoinPublicKey.swift; sourceTree = "<group>"; };
		8461B2D123169622009B8954 /* TomoWalletCore.framework */ = {isa = PBXFileReference; explicitFileType = wrapper.framework; includeInIndex = 0; path = TomoWalletCore.framework; sourceTree = BUILT_PRODUCTS_DIR; };
		8461B2D423169622009B8954 /* TomoWalletCore.h */ = {isa = PBXFileReference; lastKnownFileType = sourcecode.c.h; path = TomoWalletCore.h; sourceTree = "<group>"; };
		8461B2D523169622009B8954 /* Info.plist */ = {isa = PBXFileReference; lastKnownFileType = text.plist.xml; path = Info.plist; sourceTree = "<group>"; };
		8461B2DA23169622009B8954 /* TomoWalletCoreTests.xctest */ = {isa = PBXFileReference; explicitFileType = wrapper.cfbundle; includeInIndex = 0; path = TomoWalletCoreTests.xctest; sourceTree = BUILT_PRODUCTS_DIR; };
		8461B2DF23169622009B8954 /* TomoWalletCoreTests.swift */ = {isa = PBXFileReference; lastKnownFileType = sourcecode.swift; path = TomoWalletCoreTests.swift; sourceTree = "<group>"; };
		8461B2E123169622009B8954 /* Info.plist */ = {isa = PBXFileReference; lastKnownFileType = text.plist.xml; path = Info.plist; sourceTree = "<group>"; };
		84BEABCF23337C9D004A9756 /* SkipBackupFilesInitializer.swift */ = {isa = PBXFileReference; lastKnownFileType = sourcecode.swift; path = SkipBackupFilesInitializer.swift; sourceTree = "<group>"; };
/* End PBXFileReference section */

/* Begin PBXFrameworksBuildPhase section */
		8461B2CE23169622009B8954 /* Frameworks */ = {
			isa = PBXFrameworksBuildPhase;
			buildActionMask = 2147483647;
			files = (
				2C53F2442334B90C000231EC /* Pods_TomoWalletCore.framework in Frameworks */,
			);
			runOnlyForDeploymentPostprocessing = 0;
		};
		8461B2D723169622009B8954 /* Frameworks */ = {
			isa = PBXFrameworksBuildPhase;
			buildActionMask = 2147483647;
			files = (
				8461B2DB23169622009B8954 /* TomoWalletCore.framework in Frameworks */,
				76C4F6760240F14CDDE179A9 /* Pods_TomoWalletCoreTests.framework in Frameworks */,
			);
			runOnlyForDeploymentPostprocessing = 0;
		};
/* End PBXFrameworksBuildPhase section */

/* Begin PBXGroup section */
		806311B1F6DE130D7107FDBD /* Frameworks */ = {
			isa = PBXGroup;
			children = (
				2C53F2432334B90C000231EC /* Pods_TomoWalletCore.framework */,
				8000E739563B1D0E65C54658 /* Pods_TomoWalletCore.framework */,
				142EEA18EC14A4164BC2045A /* Pods_TomoWalletCoreTests.framework */,
			);
			name = Frameworks;
			sourceTree = "<group>";
		};
		8433B08D232CD6EF00A91C8C /* Keystore */ = {
			isa = PBXGroup;
			children = (
				8433B08E232CD6EF00A91C8C /* KeyStore.swift */,
				8433B08F232CD6EF00A91C8C /* Scrypt.swift */,
				8433B090232CD6EF00A91C8C /* ScryptParams.swift */,
				8433B091232CD6EF00A91C8C /* KeyStore.Error.swift */,
				8433B092232CD6EF00A91C8C /* KeystoreKey.swift */,
				8433B093232CD6EF00A91C8C /* Account.swift */,
				8433B094232CD6EF00A91C8C /* KeystoreKeyHeader.swift */,
				8433B095232CD6EF00A91C8C /* Wallet.swift */,
			);
			path = Keystore;
			sourceTree = "<group>";
		};
		8433B096232CD6EF00A91C8C /* TomoCore */ = {
			isa = PBXGroup;
			children = (
				8433B097232CD6EF00A91C8C /* Types */,
				8433B0C4232CD6EF00A91C8C /* Config */,
				8433B0C7232CD6EF00A91C8C /* Extentions */,
			);
			path = TomoCore;
			sourceTree = "<group>";
		};
		8433B097232CD6EF00A91C8C /* Types */ = {
			isa = PBXGroup;
			children = (
				8433B098232CD6EF00A91C8C /* Transaction */,
				8433B0A7232CD6EF00A91C8C /* EthTypedData.swift */,
				8433B0A8232CD6EF00A91C8C /* TomoNumberFormater.swift */,
				8433B0A9232CD6EF00A91C8C /* Network */,
				8433B0B3232CD6EF00A91C8C /* Unit.swift */,
				8433B0B4232CD6EF00A91C8C /* Subscribable.swift */,
				8433B0B5232CD6EF00A91C8C /* Account */,
			);
			path = Types;
			sourceTree = "<group>";
		};
		8433B098232CD6EF00A91C8C /* Transaction */ = {
			isa = PBXGroup;
			children = (
				8433B099232CD6EF00A91C8C /* Type */,
				8433B0A3232CD6EF00A91C8C /* Controllers */,
				8433B0A6232CD6EF00A91C8C /* Signer.swift */,
			);
			path = Transaction;
			sourceTree = "<group>";
		};
		8433B099232CD6EF00A91C8C /* Type */ = {
			isa = PBXGroup;
			children = (
				8433B09A232CD6EF00A91C8C /* SentTransaction.swift */,
				8433B09B232CD6EF00A91C8C /* ConfigureTransaction.swift */,
				8433B09C232CD6EF00A91C8C /* SignTransaction.swift */,
				8433B09D232CD6EF00A91C8C /* UnconfirmedTransaction.swift */,
				8433B09E232CD6EF00A91C8C /* GasLimitConfiguration.swift */,
				8433B09F232CD6EF00A91C8C /* BalanceStatus.swift */,
				8433B0A0232CD6EF00A91C8C /* GasPriceConfiguration.swift */,
				8433B0A1232CD6EF00A91C8C /* TransactionConfiguration.swift */,
				8433B0A2232CD6EF00A91C8C /* Transfer.swift */,
			);
			path = Type;
			sourceTree = "<group>";
		};
		8433B0A3232CD6EF00A91C8C /* Controllers */ = {
			isa = PBXGroup;
			children = (
				8433B0A4232CD6EF00A91C8C /* SendTransactionCoordinator.swift */,
				8433B0A5232CD6EF00A91C8C /* TransactionConfigurator.swift */,
			);
			path = Controllers;
			sourceTree = "<group>";
		};
		8433B0A9232CD6EF00A91C8C /* Network */ = {
			isa = PBXGroup;
			children = (
				8433B0AA232CD6EF00A91C8C /* RPCServer.swift */,
				8433B0AB232CD6EF00A91C8C /* Provider */,
				8433B0B0232CD6EF00A91C8C /* ApiProviderFactory.swift */,
				8433B0B1232CD6EF00A91C8C /* Api.swift */,
				8433B0B2232CD6EF00A91C8C /* RPCResultsDecodable.swift */,
			);
			path = Network;
			sourceTree = "<group>";
		};
		8433B0AB232CD6EF00A91C8C /* Provider */ = {
			isa = PBXGroup;
			children = (
				8433B0AC232CD6EF00A91C8C /* Tomo */,
			);
			path = Provider;
			sourceTree = "<group>";
		};
		8433B0AC232CD6EF00A91C8C /* Tomo */ = {
			isa = PBXGroup;
			children = (
				8433B0AD232CD6EF00A91C8C /* NetworkProvider.swift */,
				8433B0AE232CD6EF00A91C8C /* NonceProvider.swift */,
				8433B0AF232CD6EF00A91C8C /* ChainStateProvider.swift */,
			);
			path = Tomo;
			sourceTree = "<group>";
		};
		8433B0B5232CD6EF00A91C8C /* Account */ = {
			isa = PBXGroup;
			children = (
				8433B0B6232CD6EF00A91C8C /* TomoKeystoreProtocol.swift */,
				8433B0B7232CD6EF00A91C8C /* TomoKeystoreError.swift */,
				8433B0B8232CD6EF00A91C8C /* TomoWalletType.swift */,
				8433B0B9232CD6EF00A91C8C /* TomoWallet.swift */,
				8433B0BD232CD6EF00A91C8C /* TomoWalletService.swift */,
				8433B0BA232CD6EF00A91C8C /* WalletCore.swift */,
				8433B0BB232CD6EF00A91C8C /* WalletInfo.swift */,
				8433B0BC232CD6EF00A91C8C /* PasswordGenerator.swift */,
				8433B0C3232CD6EF00A91C8C /* Tomokeystore.swift */,
				8433B0BE232CD6EF00A91C8C /* Stores */,
				84BEABCF23337C9D004A9756 /* SkipBackupFilesInitializer.swift */,
			);
			path = Account;
			sourceTree = "<group>";
		};
		8433B0BE232CD6EF00A91C8C /* Stores */ = {
			isa = PBXGroup;
			children = (
				8433B0BF232CD6EF00A91C8C /* Models */,
				8433B0C2232CD6EF00A91C8C /* TomoWalletStore.swift */,
			);
			path = Stores;
			sourceTree = "<group>";
		};
		8433B0BF232CD6EF00A91C8C /* Models */ = {
			isa = PBXGroup;
			children = (
				8433B0C0232CD6EF00A91C8C /* WalletAddress.swift */,
				8433B0C1232CD6EF00A91C8C /* TomoWalletObject.swift */,
			);
			path = Models;
			sourceTree = "<group>";
		};
		8433B0C4232CD6EF00A91C8C /* Config */ = {
			isa = PBXGroup;
			children = (
				8433B0C5232CD6EF00A91C8C /* Constants.swift */,
				8433B0C6232CD6EF00A91C8C /* Config.swift */,
			);
			path = Config;
			sourceTree = "<group>";
		};
		8433B0C7232CD6EF00A91C8C /* Extentions */ = {
			isa = PBXGroup;
			children = (
				8433B0C8232CD6EF00A91C8C /* Data.swift */,
				8433B0C9232CD6EF00A91C8C /* String.swift */,
				8433B0CA232CD6EF00A91C8C /* BigInt.swift */,
			);
			path = Extentions;
			sourceTree = "<group>";
		};
		8433B0CB232CD6EF00A91C8C /* TrustCore */ = {
			isa = PBXGroup;
			children = (
				8433B185232CE04400A91C8C /* Bitcoin.swift */,
				8433B187232CE04500A91C8C /* BitcoinAddress.swift */,
				8433B188232CE04500A91C8C /* BitcoinPublicKey.swift */,
				8433B186232CE04500A91C8C /* BitcoinTransaction.swift */,
				8461B2D423169622009B8954 /* TomoWalletCore.h */,
				8433B0D5232CD6EF00A91C8C /* Crypto.h */,
				8433B0E8232CD6EF00A91C8C /* Crypto.m */,
				8433B0CC232CD6EF00A91C8C /* RLP.swift */,
				8433B0CD232CD6EF00A91C8C /* PublicKey.swift */,
				8433B0CE232CD6EF00A91C8C /* Data+Hex.swift */,
				8433B0CF232CD6EF00A91C8C /* Address.swift */,
				8433B0D0232CD6EF00A91C8C /* String+Clear.swift */,
				8433B0D1232CD6EF00A91C8C /* HDWallet */,
				8433B0D6232CD6EF00A91C8C /* EthereumPublicKey.swift */,
				8433B0D7232CD6EF00A91C8C /* EthereumAddress.swift */,
				8433B0D8232CD6EF00A91C8C /* Solidity */,
				8433B0E3232CD6EF00A91C8C /* PrivateKey.swift */,
				8433B0E4232CD6EF00A91C8C /* Coin.swift */,
				8433B0E5232CD6EF00A91C8C /* Ethereum.swift */,
				8433B0E6232CD6EF00A91C8C /* Namehash.swift */,
				8433B0E7232CD6EF00A91C8C /* Data+Clear.swift */,
				8433B0E9232CD6EF00A91C8C /* ReverseResolverEncoder.swift */,
			);
			path = TrustCore;
			sourceTree = "<group>";
		};
		8433B0D1232CD6EF00A91C8C /* HDWallet */ = {
			isa = PBXGroup;
			children = (
				8433B0D2232CD6EF00A91C8C /* DerivationPath.swift */,
				8433B0D3232CD6EF00A91C8C /* DerivationPath.Index.swift */,
				8433B0D4232CD6EF00A91C8C /* HDWallet.swift */,
			);
			path = HDWallet;
			sourceTree = "<group>";
		};
		8433B0D8232CD6EF00A91C8C /* Solidity */ = {
			isa = PBXGroup;
			children = (
				8433B0D9232CD6EF00A91C8C /* ABIEncoder.swift */,
				8433B0DA232CD6EF00A91C8C /* TRCIssuerEncoder.swift */,
				8433B0DB232CD6EF00A91C8C /* ENSEncoder.swift */,
				8433B0DC232CD6EF00A91C8C /* ABIDecoder.swift */,
				8433B0DD232CD6EF00A91C8C /* ABIValue.swift */,
				8433B0DE232CD6EF00A91C8C /* ABIType.swift */,
				8433B0DF232CD6EF00A91C8C /* TRC21Encoder.swift */,
				8433B0E0232CD6EF00A91C8C /* ABIError.swift */,
				8433B0E1232CD6EF00A91C8C /* Function.swift */,
				8433B0E2232CD6EF00A91C8C /* ERC20Encoder.swift */,
			);
			path = Solidity;
			sourceTree = "<group>";
		};
		8433B183232CDA1300A91C8C /* Sources */ = {
			isa = PBXGroup;
			children = (
				8433B0CB232CD6EF00A91C8C /* TrustCore */,
				8433B08D232CD6EF00A91C8C /* Keystore */,
				8433B096232CD6EF00A91C8C /* TomoCore */,
			);
			path = Sources;
			sourceTree = "<group>";
		};
		8461B2C723169622009B8954 = {
			isa = PBXGroup;
			children = (
				8461B2D323169622009B8954 /* TomoWalletCore */,
				8461B2DE23169622009B8954 /* TomoWalletCoreTests */,
				8461B2D223169622009B8954 /* Products */,
				A8CF6BCD17521C0BBF7151D7 /* Pods */,
				806311B1F6DE130D7107FDBD /* Frameworks */,
			);
			sourceTree = "<group>";
		};
		8461B2D223169622009B8954 /* Products */ = {
			isa = PBXGroup;
			children = (
				8461B2D123169622009B8954 /* TomoWalletCore.framework */,
				8461B2DA23169622009B8954 /* TomoWalletCoreTests.xctest */,
			);
			name = Products;
			sourceTree = "<group>";
		};
		8461B2D323169622009B8954 /* TomoWalletCore */ = {
			isa = PBXGroup;
			children = (
				8433B183232CDA1300A91C8C /* Sources */,
				8461B2D523169622009B8954 /* Info.plist */,
			);
			path = TomoWalletCore;
			sourceTree = "<group>";
		};
		8461B2DE23169622009B8954 /* TomoWalletCoreTests */ = {
			isa = PBXGroup;
			children = (
				8461B2DF23169622009B8954 /* TomoWalletCoreTests.swift */,
				8461B2E123169622009B8954 /* Info.plist */,
				2C53F3252334C603000231EC /* WalletTest.swift */,
			);
			path = TomoWalletCoreTests;
			sourceTree = "<group>";
		};
		A8CF6BCD17521C0BBF7151D7 /* Pods */ = {
			isa = PBXGroup;
			children = (
				3DA8F2DF8EAC607FCE16CE78 /* Pods-TomoWalletCore.debug.xcconfig */,
				587AE5F4445D6EE741CE68B2 /* Pods-TomoWalletCore.release.xcconfig */,
				49D2B27C817A8BBB5FB7F367 /* Pods-TomoWalletCoreTests.debug.xcconfig */,
				54B71557750EDAD4846DAC68 /* Pods-TomoWalletCoreTests.release.xcconfig */,
			);
			path = Pods;
			sourceTree = "<group>";
		};
/* End PBXGroup section */

/* Begin PBXHeadersBuildPhase section */
		8461B2CC23169622009B8954 /* Headers */ = {
			isa = PBXHeadersBuildPhase;
			buildActionMask = 2147483647;
			files = (
				8461B2E223169622009B8954 /* TomoWalletCore.h in Headers */,
				8433B184232CDF6300A91C8C /* Crypto.h in Headers */,
			);
			runOnlyForDeploymentPostprocessing = 0;
		};
/* End PBXHeadersBuildPhase section */

/* Begin PBXNativeTarget section */
		8461B2D023169622009B8954 /* TomoWalletCore */ = {
			isa = PBXNativeTarget;
			buildConfigurationList = 8461B2E523169622009B8954 /* Build configuration list for PBXNativeTarget "TomoWalletCore" */;
			buildPhases = (
				EE0F5AA15703EBC2215B436B /* [CP] Check Pods Manifest.lock */,
				8461B2CC23169622009B8954 /* Headers */,
				8461B2CD23169622009B8954 /* Sources */,
				8461B2CE23169622009B8954 /* Frameworks */,
				8461B2CF23169622009B8954 /* Resources */,
			);
			buildRules = (
			);
			dependencies = (
			);
			name = TomoWalletCore;
			productName = TomoWalletCore;
			productReference = 8461B2D123169622009B8954 /* TomoWalletCore.framework */;
			productType = "com.apple.product-type.framework";
		};
		8461B2D923169622009B8954 /* TomoWalletCoreTests */ = {
			isa = PBXNativeTarget;
			buildConfigurationList = 8461B2E823169622009B8954 /* Build configuration list for PBXNativeTarget "TomoWalletCoreTests" */;
			buildPhases = (
				BC7E759295142FB26D28A3B1 /* [CP] Check Pods Manifest.lock */,
				8461B2D623169622009B8954 /* Sources */,
				8461B2D723169622009B8954 /* Frameworks */,
				8461B2D823169622009B8954 /* Resources */,
				10446DA8E94A921A4C19C56D /* [CP] Embed Pods Frameworks */,
			);
			buildRules = (
			);
			dependencies = (
				8461B2DD23169622009B8954 /* PBXTargetDependency */,
			);
			name = TomoWalletCoreTests;
			productName = TomoWalletCoreTests;
			productReference = 8461B2DA23169622009B8954 /* TomoWalletCoreTests.xctest */;
			productType = "com.apple.product-type.bundle.unit-test";
		};
/* End PBXNativeTarget section */

/* Begin PBXProject section */
		8461B2C823169622009B8954 /* Project object */ = {
			isa = PBXProject;
			attributes = {
				LastSwiftUpdateCheck = 1030;
				LastUpgradeCheck = 1030;
				ORGANIZATIONNAME = Admin;
				TargetAttributes = {
					8461B2D023169622009B8954 = {
						CreatedOnToolsVersion = 10.3;
					};
					8461B2D923169622009B8954 = {
						CreatedOnToolsVersion = 10.3;
					};
				};
			};
			buildConfigurationList = 8461B2CB23169622009B8954 /* Build configuration list for PBXProject "TomoWalletCore" */;
			compatibilityVersion = "Xcode 9.3";
			developmentRegion = en;
			hasScannedForEncodings = 0;
			knownRegions = (
				en,
				Base,
			);
			mainGroup = 8461B2C723169622009B8954;
			productRefGroup = 8461B2D223169622009B8954 /* Products */;
			projectDirPath = "";
			projectRoot = "";
			targets = (
				8461B2D023169622009B8954 /* TomoWalletCore */,
				8461B2D923169622009B8954 /* TomoWalletCoreTests */,
			);
		};
/* End PBXProject section */

/* Begin PBXResourcesBuildPhase section */
		8461B2CF23169622009B8954 /* Resources */ = {
			isa = PBXResourcesBuildPhase;
			buildActionMask = 2147483647;
			files = (
			);
			runOnlyForDeploymentPostprocessing = 0;
		};
		8461B2D823169622009B8954 /* Resources */ = {
			isa = PBXResourcesBuildPhase;
			buildActionMask = 2147483647;
			files = (
			);
			runOnlyForDeploymentPostprocessing = 0;
		};
/* End PBXResourcesBuildPhase section */

/* Begin PBXShellScriptBuildPhase section */
		10446DA8E94A921A4C19C56D /* [CP] Embed Pods Frameworks */ = {
			isa = PBXShellScriptBuildPhase;
			buildActionMask = 2147483647;
			files = (
			);
			inputFileListPaths = (
				"${PODS_ROOT}/Target Support Files/Pods-TomoWalletCoreTests/Pods-TomoWalletCoreTests-frameworks-${CONFIGURATION}-input-files.xcfilelist",
			);
			name = "[CP] Embed Pods Frameworks";
			outputFileListPaths = (
				"${PODS_ROOT}/Target Support Files/Pods-TomoWalletCoreTests/Pods-TomoWalletCoreTests-frameworks-${CONFIGURATION}-output-files.xcfilelist",
			);
			runOnlyForDeploymentPostprocessing = 0;
			shellPath = /bin/sh;
			shellScript = "\"${PODS_ROOT}/Target Support Files/Pods-TomoWalletCoreTests/Pods-TomoWalletCoreTests-frameworks.sh\"\n";
			showEnvVarsInLog = 0;
		};
		BC7E759295142FB26D28A3B1 /* [CP] Check Pods Manifest.lock */ = {
			isa = PBXShellScriptBuildPhase;
			buildActionMask = 2147483647;
			files = (
			);
			inputFileListPaths = (
			);
			inputPaths = (
				"${PODS_PODFILE_DIR_PATH}/Podfile.lock",
				"${PODS_ROOT}/Manifest.lock",
			);
			name = "[CP] Check Pods Manifest.lock";
			outputFileListPaths = (
			);
			outputPaths = (
				"$(DERIVED_FILE_DIR)/Pods-TomoWalletCoreTests-checkManifestLockResult.txt",
			);
			runOnlyForDeploymentPostprocessing = 0;
			shellPath = /bin/sh;
			shellScript = "diff \"${PODS_PODFILE_DIR_PATH}/Podfile.lock\" \"${PODS_ROOT}/Manifest.lock\" > /dev/null\nif [ $? != 0 ] ; then\n    # print error to STDERR\n    echo \"error: The sandbox is not in sync with the Podfile.lock. Run 'pod install' or update your CocoaPods installation.\" >&2\n    exit 1\nfi\n# This output is used by Xcode 'outputs' to avoid re-running this script phase.\necho \"SUCCESS\" > \"${SCRIPT_OUTPUT_FILE_0}\"\n";
			showEnvVarsInLog = 0;
		};
		EE0F5AA15703EBC2215B436B /* [CP] Check Pods Manifest.lock */ = {
			isa = PBXShellScriptBuildPhase;
			buildActionMask = 2147483647;
			files = (
			);
			inputFileListPaths = (
			);
			inputPaths = (
				"${PODS_PODFILE_DIR_PATH}/Podfile.lock",
				"${PODS_ROOT}/Manifest.lock",
			);
			name = "[CP] Check Pods Manifest.lock";
			outputFileListPaths = (
			);
			outputPaths = (
				"$(DERIVED_FILE_DIR)/Pods-TomoWalletCore-checkManifestLockResult.txt",
			);
			runOnlyForDeploymentPostprocessing = 0;
			shellPath = /bin/sh;
			shellScript = "diff \"${PODS_PODFILE_DIR_PATH}/Podfile.lock\" \"${PODS_ROOT}/Manifest.lock\" > /dev/null\nif [ $? != 0 ] ; then\n    # print error to STDERR\n    echo \"error: The sandbox is not in sync with the Podfile.lock. Run 'pod install' or update your CocoaPods installation.\" >&2\n    exit 1\nfi\n# This output is used by Xcode 'outputs' to avoid re-running this script phase.\necho \"SUCCESS\" > \"${SCRIPT_OUTPUT_FILE_0}\"\n";
			showEnvVarsInLog = 0;
		};
/* End PBXShellScriptBuildPhase section */

/* Begin PBXSourcesBuildPhase section */
		8461B2CD23169622009B8954 /* Sources */ = {
			isa = PBXSourcesBuildPhase;
			buildActionMask = 2147483647;
			files = (
				8433B0F8232CD6EF00A91C8C /* Wallet.swift in Sources */,
				8433B15F232CD6F000A91C8C /* ABIEncoder.swift in Sources */,
				8433B17D232CD6F000A91C8C /* Crypto.m in Sources */,
				8433B0EC232CD6EF00A91C8C /* Scrypt.swift in Sources */,
				8433B150232CD6F000A91C8C /* Address.swift in Sources */,
				8433B142232CD6F000A91C8C /* Config.swift in Sources */,
				8433B17B232CD6F000A91C8C /* Data+Clear.swift in Sources */,
				8433B134232CD6F000A91C8C /* PasswordGenerator.swift in Sources */,
				8433B112232CD6EF00A91C8C /* EthTypedData.swift in Sources */,
				8433B114232CD6EF00A91C8C /* TomoNumberFormater.swift in Sources */,
				8433B12E232CD6F000A91C8C /* TomoWallet.swift in Sources */,
				8433B0F0232CD6EF00A91C8C /* KeyStore.Error.swift in Sources */,
				8433B12A232CD6F000A91C8C /* TomoKeystoreError.swift in Sources */,
				8433B18D232CE04500A91C8C /* BitcoinAddress.swift in Sources */,
				84BEABD023337C9D004A9756 /* SkipBackupFilesInitializer.swift in Sources */,
				8433B122232CD6F000A91C8C /* RPCResultsDecodable.swift in Sources */,
				8433B13C232CD6F000A91C8C /* TomoWalletStore.swift in Sources */,
				8433B171232CD6F000A91C8C /* ERC20Encoder.swift in Sources */,
				8433B118232CD6EF00A91C8C /* NetworkProvider.swift in Sources */,
				8433B177232CD6F000A91C8C /* Ethereum.swift in Sources */,
				8433B18F232CE04500A91C8C /* BitcoinPublicKey.swift in Sources */,
				8433B10E232CD6EF00A91C8C /* TransactionConfigurator.swift in Sources */,
				8433B144232CD6F000A91C8C /* Data.swift in Sources */,
				8433B0EA232CD6EF00A91C8C /* KeyStore.swift in Sources */,
				8433B126232CD6F000A91C8C /* Subscribable.swift in Sources */,
				8433B18B232CE04500A91C8C /* BitcoinTransaction.swift in Sources */,
				8433B0EE232CD6EF00A91C8C /* ScryptParams.swift in Sources */,
				8433B0F2232CD6EF00A91C8C /* KeystoreKey.swift in Sources */,
				8433B12C232CD6F000A91C8C /* TomoWalletType.swift in Sources */,
				8433B11A232CD6F000A91C8C /* NonceProvider.swift in Sources */,
				8433B169232CD6F000A91C8C /* ABIType.swift in Sources */,
				8433B148232CD6F000A91C8C /* BigInt.swift in Sources */,
				8433B104232CD6EF00A91C8C /* BalanceStatus.swift in Sources */,
				8433B154232CD6F000A91C8C /* DerivationPath.swift in Sources */,
				8433B130232CD6F000A91C8C /* WalletCore.swift in Sources */,
				8433B17F232CD6F000A91C8C /* ReverseResolverEncoder.swift in Sources */,
				8433B108232CD6EF00A91C8C /* TransactionConfiguration.swift in Sources */,
				8433B179232CD6F000A91C8C /* Namehash.swift in Sources */,
				8433B0FA232CD6EF00A91C8C /* SentTransaction.swift in Sources */,
				8433B16B232CD6F000A91C8C /* TRC21Encoder.swift in Sources */,
				8433B189232CE04500A91C8C /* Bitcoin.swift in Sources */,
				8433B136232CD6F000A91C8C /* TomoWalletService.swift in Sources */,
				8433B140232CD6F000A91C8C /* Constants.swift in Sources */,
				8433B167232CD6F000A91C8C /* ABIValue.swift in Sources */,
				8433B124232CD6F000A91C8C /* Unit.swift in Sources */,
				8433B116232CD6EF00A91C8C /* RPCServer.swift in Sources */,
				8433B156232CD6F000A91C8C /* DerivationPath.Index.swift in Sources */,
				8433B100232CD6EF00A91C8C /* UnconfirmedTransaction.swift in Sources */,
				8433B102232CD6EF00A91C8C /* GasLimitConfiguration.swift in Sources */,
				8433B10A232CD6EF00A91C8C /* Transfer.swift in Sources */,
				8433B0F6232CD6EF00A91C8C /* KeystoreKeyHeader.swift in Sources */,
				8433B161232CD6F000A91C8C /* TRCIssuerEncoder.swift in Sources */,
				8433B0F4232CD6EF00A91C8C /* Account.swift in Sources */,
				8433B138232CD6F000A91C8C /* WalletAddress.swift in Sources */,
				8433B158232CD6F000A91C8C /* HDWallet.swift in Sources */,
				8433B165232CD6F000A91C8C /* ABIDecoder.swift in Sources */,
				8433B11C232CD6F000A91C8C /* ChainStateProvider.swift in Sources */,
				8433B163232CD6F000A91C8C /* ENSEncoder.swift in Sources */,
				8433B175232CD6F000A91C8C /* Coin.swift in Sources */,
				8433B14A232CD6F000A91C8C /* RLP.swift in Sources */,
				8433B152232CD6F000A91C8C /* String+Clear.swift in Sources */,
				8433B110232CD6EF00A91C8C /* Signer.swift in Sources */,
				8433B106232CD6EF00A91C8C /* GasPriceConfiguration.swift in Sources */,
				8433B16F232CD6F000A91C8C /* Function.swift in Sources */,
				8433B0FC232CD6EF00A91C8C /* ConfigureTransaction.swift in Sources */,
				8433B14C232CD6F000A91C8C /* PublicKey.swift in Sources */,
				8433B10C232CD6EF00A91C8C /* SendTransactionCoordinator.swift in Sources */,
				8433B173232CD6F000A91C8C /* PrivateKey.swift in Sources */,
				8433B14E232CD6F000A91C8C /* Data+Hex.swift in Sources */,
				8433B15B232CD6F000A91C8C /* EthereumPublicKey.swift in Sources */,
				8433B13A232CD6F000A91C8C /* TomoWalletObject.swift in Sources */,
				8433B16D232CD6F000A91C8C /* ABIError.swift in Sources */,
				8433B128232CD6F000A91C8C /* TomoKeystoreProtocol.swift in Sources */,
				8433B15D232CD6F000A91C8C /* EthereumAddress.swift in Sources */,
				8433B11E232CD6F000A91C8C /* ApiProviderFactory.swift in Sources */,
				8433B13E232CD6F000A91C8C /* Tomokeystore.swift in Sources */,
				8433B132232CD6F000A91C8C /* WalletInfo.swift in Sources */,
				8433B120232CD6F000A91C8C /* Api.swift in Sources */,
				8433B0FE232CD6EF00A91C8C /* SignTransaction.swift in Sources */,
				8433B146232CD6F000A91C8C /* String.swift in Sources */,
			);
			runOnlyForDeploymentPostprocessing = 0;
		};
		8461B2D623169622009B8954 /* Sources */ = {
			isa = PBXSourcesBuildPhase;
			buildActionMask = 2147483647;
			files = (
				2C53F3262334C603000231EC /* WalletTest.swift in Sources */,
				2C53F3242334C5AD000231EC /* TomoWalletCoreTests.swift in Sources */,
			);
			runOnlyForDeploymentPostprocessing = 0;
		};
/* End PBXSourcesBuildPhase section */

/* Begin PBXTargetDependency section */
		8461B2DD23169622009B8954 /* PBXTargetDependency */ = {
			isa = PBXTargetDependency;
			target = 8461B2D023169622009B8954 /* TomoWalletCore */;
			targetProxy = 8461B2DC23169622009B8954 /* PBXContainerItemProxy */;
		};
/* End PBXTargetDependency section */

/* Begin XCBuildConfiguration section */
		8461B2E323169622009B8954 /* Debug */ = {
			isa = XCBuildConfiguration;
			buildSettings = {
				ALWAYS_SEARCH_USER_PATHS = NO;
				CLANG_ANALYZER_NONNULL = YES;
				CLANG_ANALYZER_NUMBER_OBJECT_CONVERSION = YES_AGGRESSIVE;
				CLANG_CXX_LANGUAGE_STANDARD = "gnu++14";
				CLANG_CXX_LIBRARY = "libc++";
				CLANG_ENABLE_MODULES = YES;
				CLANG_ENABLE_OBJC_ARC = YES;
				CLANG_ENABLE_OBJC_WEAK = YES;
				CLANG_WARN_BLOCK_CAPTURE_AUTORELEASING = YES;
				CLANG_WARN_BOOL_CONVERSION = YES;
				CLANG_WARN_COMMA = YES;
				CLANG_WARN_CONSTANT_CONVERSION = YES;
				CLANG_WARN_DEPRECATED_OBJC_IMPLEMENTATIONS = YES;
				CLANG_WARN_DIRECT_OBJC_ISA_USAGE = YES_ERROR;
				CLANG_WARN_DOCUMENTATION_COMMENTS = YES;
				CLANG_WARN_EMPTY_BODY = YES;
				CLANG_WARN_ENUM_CONVERSION = YES;
				CLANG_WARN_INFINITE_RECURSION = YES;
				CLANG_WARN_INT_CONVERSION = YES;
				CLANG_WARN_NON_LITERAL_NULL_CONVERSION = YES;
				CLANG_WARN_OBJC_IMPLICIT_RETAIN_SELF = YES;
				CLANG_WARN_OBJC_LITERAL_CONVERSION = YES;
				CLANG_WARN_OBJC_ROOT_CLASS = YES_ERROR;
				CLANG_WARN_RANGE_LOOP_ANALYSIS = YES;
				CLANG_WARN_STRICT_PROTOTYPES = YES;
				CLANG_WARN_SUSPICIOUS_MOVE = YES;
				CLANG_WARN_UNGUARDED_AVAILABILITY = YES_AGGRESSIVE;
				CLANG_WARN_UNREACHABLE_CODE = YES;
				CLANG_WARN__DUPLICATE_METHOD_MATCH = YES;
				CODE_SIGN_IDENTITY = "iPhone Developer";
				COPY_PHASE_STRIP = NO;
				CURRENT_PROJECT_VERSION = 1;
				DEBUG_INFORMATION_FORMAT = dwarf;
				ENABLE_STRICT_OBJC_MSGSEND = YES;
				ENABLE_TESTABILITY = YES;
				GCC_C_LANGUAGE_STANDARD = gnu11;
				GCC_DYNAMIC_NO_PIC = NO;
				GCC_NO_COMMON_BLOCKS = YES;
				GCC_OPTIMIZATION_LEVEL = 0;
				GCC_PREPROCESSOR_DEFINITIONS = (
					"DEBUG=1",
					"$(inherited)",
				);
				GCC_WARN_64_TO_32_BIT_CONVERSION = YES;
				GCC_WARN_ABOUT_RETURN_TYPE = YES_ERROR;
				GCC_WARN_UNDECLARED_SELECTOR = YES;
				GCC_WARN_UNINITIALIZED_AUTOS = YES_AGGRESSIVE;
				GCC_WARN_UNUSED_FUNCTION = YES;
				GCC_WARN_UNUSED_VARIABLE = YES;
				IPHONEOS_DEPLOYMENT_TARGET = 12.4;
				MTL_ENABLE_DEBUG_INFO = INCLUDE_SOURCE;
				MTL_FAST_MATH = YES;
				ONLY_ACTIVE_ARCH = YES;
				SDKROOT = iphoneos;
				SWIFT_ACTIVE_COMPILATION_CONDITIONS = DEBUG;
				SWIFT_OBJC_BRIDGING_HEADER = "";
				SWIFT_OPTIMIZATION_LEVEL = "-Onone";
				VERSIONING_SYSTEM = "apple-generic";
				VERSION_INFO_PREFIX = "";
			};
			name = Debug;
		};
		8461B2E423169622009B8954 /* Release */ = {
			isa = XCBuildConfiguration;
			buildSettings = {
				ALWAYS_SEARCH_USER_PATHS = NO;
				CLANG_ANALYZER_NONNULL = YES;
				CLANG_ANALYZER_NUMBER_OBJECT_CONVERSION = YES_AGGRESSIVE;
				CLANG_CXX_LANGUAGE_STANDARD = "gnu++14";
				CLANG_CXX_LIBRARY = "libc++";
				CLANG_ENABLE_MODULES = YES;
				CLANG_ENABLE_OBJC_ARC = YES;
				CLANG_ENABLE_OBJC_WEAK = YES;
				CLANG_WARN_BLOCK_CAPTURE_AUTORELEASING = YES;
				CLANG_WARN_BOOL_CONVERSION = YES;
				CLANG_WARN_COMMA = YES;
				CLANG_WARN_CONSTANT_CONVERSION = YES;
				CLANG_WARN_DEPRECATED_OBJC_IMPLEMENTATIONS = YES;
				CLANG_WARN_DIRECT_OBJC_ISA_USAGE = YES_ERROR;
				CLANG_WARN_DOCUMENTATION_COMMENTS = YES;
				CLANG_WARN_EMPTY_BODY = YES;
				CLANG_WARN_ENUM_CONVERSION = YES;
				CLANG_WARN_INFINITE_RECURSION = YES;
				CLANG_WARN_INT_CONVERSION = YES;
				CLANG_WARN_NON_LITERAL_NULL_CONVERSION = YES;
				CLANG_WARN_OBJC_IMPLICIT_RETAIN_SELF = YES;
				CLANG_WARN_OBJC_LITERAL_CONVERSION = YES;
				CLANG_WARN_OBJC_ROOT_CLASS = YES_ERROR;
				CLANG_WARN_RANGE_LOOP_ANALYSIS = YES;
				CLANG_WARN_STRICT_PROTOTYPES = YES;
				CLANG_WARN_SUSPICIOUS_MOVE = YES;
				CLANG_WARN_UNGUARDED_AVAILABILITY = YES_AGGRESSIVE;
				CLANG_WARN_UNREACHABLE_CODE = YES;
				CLANG_WARN__DUPLICATE_METHOD_MATCH = YES;
				CODE_SIGN_IDENTITY = "iPhone Developer";
				COPY_PHASE_STRIP = NO;
				CURRENT_PROJECT_VERSION = 1;
				DEBUG_INFORMATION_FORMAT = "dwarf-with-dsym";
				ENABLE_NS_ASSERTIONS = NO;
				ENABLE_STRICT_OBJC_MSGSEND = YES;
				GCC_C_LANGUAGE_STANDARD = gnu11;
				GCC_NO_COMMON_BLOCKS = YES;
				GCC_WARN_64_TO_32_BIT_CONVERSION = YES;
				GCC_WARN_ABOUT_RETURN_TYPE = YES_ERROR;
				GCC_WARN_UNDECLARED_SELECTOR = YES;
				GCC_WARN_UNINITIALIZED_AUTOS = YES_AGGRESSIVE;
				GCC_WARN_UNUSED_FUNCTION = YES;
				GCC_WARN_UNUSED_VARIABLE = YES;
				IPHONEOS_DEPLOYMENT_TARGET = 12.4;
				MTL_ENABLE_DEBUG_INFO = NO;
				MTL_FAST_MATH = YES;
				SDKROOT = iphoneos;
				SWIFT_COMPILATION_MODE = wholemodule;
				SWIFT_OBJC_BRIDGING_HEADER = "";
				SWIFT_OPTIMIZATION_LEVEL = "-O";
				VALIDATE_PRODUCT = YES;
				VERSIONING_SYSTEM = "apple-generic";
				VERSION_INFO_PREFIX = "";
			};
			name = Release;
		};
		8461B2E623169622009B8954 /* Debug */ = {
			isa = XCBuildConfiguration;
			baseConfigurationReference = 3DA8F2DF8EAC607FCE16CE78 /* Pods-TomoWalletCore.debug.xcconfig */;
			buildSettings = {
				CLANG_ALLOW_NON_MODULAR_INCLUDES_IN_FRAMEWORK_MODULES = NO;
				CODE_SIGN_IDENTITY = "";
				CODE_SIGN_STYLE = Automatic;
				DEFINES_MODULE = YES;
				DYLIB_COMPATIBILITY_VERSION = 1;
				DYLIB_CURRENT_VERSION = 1;
				DYLIB_INSTALL_NAME_BASE = "@rpath";
				INFOPLIST_FILE = TomoWalletCore/Info.plist;
				INSTALL_PATH = "$(LOCAL_LIBRARY_DIR)/Frameworks";
				IPHONEOS_DEPLOYMENT_TARGET = 11.1;
				LD_RUNPATH_SEARCH_PATHS = (
					"$(inherited)",
					"@executable_path/Frameworks",
					"@loader_path/Frameworks",
				);
				PRODUCT_BUNDLE_IDENTIFIER = io.tomochain.MasterWallet.TomoWalletCore;
				PRODUCT_NAME = "$(TARGET_NAME:c99extidentifier)";
				SKIP_INSTALL = YES;
				SWIFT_OBJC_BRIDGING_HEADER = "";
				SWIFT_VERSION = 4.2;
				TARGETED_DEVICE_FAMILY = "1,2";
			};
			name = Debug;
		};
		8461B2E723169622009B8954 /* Release */ = {
			isa = XCBuildConfiguration;
			baseConfigurationReference = 587AE5F4445D6EE741CE68B2 /* Pods-TomoWalletCore.release.xcconfig */;
			buildSettings = {
				CLANG_ALLOW_NON_MODULAR_INCLUDES_IN_FRAMEWORK_MODULES = NO;
				CODE_SIGN_IDENTITY = "";
				CODE_SIGN_STYLE = Automatic;
				DEFINES_MODULE = YES;
				DYLIB_COMPATIBILITY_VERSION = 1;
				DYLIB_CURRENT_VERSION = 1;
				DYLIB_INSTALL_NAME_BASE = "@rpath";
				INFOPLIST_FILE = TomoWalletCore/Info.plist;
				INSTALL_PATH = "$(LOCAL_LIBRARY_DIR)/Frameworks";
				IPHONEOS_DEPLOYMENT_TARGET = 11.1;
				LD_RUNPATH_SEARCH_PATHS = (
					"$(inherited)",
					"@executable_path/Frameworks",
					"@loader_path/Frameworks",
				);
				PRODUCT_BUNDLE_IDENTIFIER = io.tomochain.MasterWallet.TomoWalletCore;
				PRODUCT_NAME = "$(TARGET_NAME:c99extidentifier)";
				SKIP_INSTALL = YES;
				SWIFT_OBJC_BRIDGING_HEADER = "";
				SWIFT_VERSION = 4.2;
				TARGETED_DEVICE_FAMILY = "1,2";
			};
			name = Release;
		};
		8461B2E923169622009B8954 /* Debug */ = {
			isa = XCBuildConfiguration;
			baseConfigurationReference = 49D2B27C817A8BBB5FB7F367 /* Pods-TomoWalletCoreTests.debug.xcconfig */;
			buildSettings = {
				ALWAYS_EMBED_SWIFT_STANDARD_LIBRARIES = YES;
				CODE_SIGN_STYLE = Automatic;
				DEVELOPMENT_TEAM = Y2YK2PND54;
				HEADER_SEARCH_PATHS = "";
				INFOPLIST_FILE = TomoWalletCoreTests/Info.plist;
				LD_RUNPATH_SEARCH_PATHS = (
					"$(inherited)",
					"@executable_path/Frameworks",
					"@loader_path/Frameworks",
				);
				MTL_ENABLE_DEBUG_INFO = YES;
				PRODUCT_BUNDLE_IDENTIFIER = io.tomochain.MasterWallet.TomoWalletCoreTests;
				PRODUCT_NAME = "$(TARGET_NAME)";
				SWIFT_VERSION = 4.2;
				TARGETED_DEVICE_FAMILY = "1,2";
			};
			name = Debug;
		};
		8461B2EA23169622009B8954 /* Release */ = {
			isa = XCBuildConfiguration;
			baseConfigurationReference = 54B71557750EDAD4846DAC68 /* Pods-TomoWalletCoreTests.release.xcconfig */;
			buildSettings = {
				ALWAYS_EMBED_SWIFT_STANDARD_LIBRARIES = YES;
				CODE_SIGN_STYLE = Automatic;
				DEVELOPMENT_TEAM = Y2YK2PND54;
				HEADER_SEARCH_PATHS = "";
				INFOPLIST_FILE = TomoWalletCoreTests/Info.plist;
				LD_RUNPATH_SEARCH_PATHS = (
					"$(inherited)",
					"@executable_path/Frameworks",
					"@loader_path/Frameworks",
				);
				PRODUCT_BUNDLE_IDENTIFIER = io.tomochain.MasterWallet.TomoWalletCoreTests;
				PRODUCT_NAME = "$(TARGET_NAME)";
				SWIFT_VERSION = 4.2;
				TARGETED_DEVICE_FAMILY = "1,2";
			};
			name = Release;
		};
/* End XCBuildConfiguration section */

/* Begin XCConfigurationList section */
		8461B2CB23169622009B8954 /* Build configuration list for PBXProject "TomoWalletCore" */ = {
			isa = XCConfigurationList;
			buildConfigurations = (
				8461B2E323169622009B8954 /* Debug */,
				8461B2E423169622009B8954 /* Release */,
			);
			defaultConfigurationIsVisible = 0;
			defaultConfigurationName = Release;
		};
		8461B2E523169622009B8954 /* Build configuration list for PBXNativeTarget "TomoWalletCore" */ = {
			isa = XCConfigurationList;
			buildConfigurations = (
				8461B2E623169622009B8954 /* Debug */,
				8461B2E723169622009B8954 /* Release */,
			);
			defaultConfigurationIsVisible = 0;
			defaultConfigurationName = Release;
		};
		8461B2E823169622009B8954 /* Build configuration list for PBXNativeTarget "TomoWalletCoreTests" */ = {
			isa = XCConfigurationList;
			buildConfigurations = (
				8461B2E923169622009B8954 /* Debug */,
				8461B2EA23169622009B8954 /* Release */,
			);
			defaultConfigurationIsVisible = 0;
			defaultConfigurationName = Release;
		};
/* End XCConfigurationList section */
	};
	rootObject = 8461B2C823169622009B8954 /* Project object */;
}
