PODS:
  - Alamofire (4.8.2)
  - BigInt (4.0.0)
  - CryptoSwift (0.15.0)
  - KeychainSwift (16.0.1)
  - Moya (12.0.1):
    - Moya/Core (= 12.0.1)
  - Moya/Core (12.0.1):
    - Alamofire (~> 4.1)
    - Result (~> 4.0)
  - PromiseKit (6.8.4):
    - PromiseKit/CorePromise (= 6.8.4)
    - PromiseKit/Foundation (= 6.8.4)
    - PromiseKit/UIKit (= 6.8.4)
  - PromiseKit/CorePromise (6.8.4)
  - PromiseKit/Foundation (6.8.4):
    - PromiseKit/CorePromise
  - PromiseKit/UIKit (6.8.4):
    - PromiseKit/CorePromise
  - Result (4.1.0)
  - SwiftProtobuf (1.5.0)
  - TrezorCrypto (0.0.9)

DEPENDENCIES:
  - BigInt
  - CryptoSwift (= 0.15.0)
  - KeychainSwift
  - Moya (~> 12.0.1)
  - PromiseKit
  - SwiftProtobuf
  - TrezorCrypto (= 0.0.9)

SPEC REPOS:
  https://github.com/CocoaPods/Specs.git:
    - Alamofire
    - BigInt
    - CryptoSwift
    - KeychainSwift
    - Moya
    - PromiseKit
    - Result
    - SwiftProtobuf
    - TrezorCrypto

SPEC CHECKSUMS:
  Alamofire: ae5c501addb7afdbb13687d7f2f722c78734c2d3
  BigInt: 2aad1a9942dc932ec8b84290d2c564a3d76f97ab
  CryptoSwift: 769f58a9e89f64e8796c2e59ce5f002dc81a2438
  KeychainSwift: 4209611373ca4a098e09b1e547eebd87c544dcc4
  Moya: cf730b3cd9e005401ef37a85143aa141a12fd38f
  PromiseKit: 51794a832647e7b819336dc2279039ce9f1cc49b
  Result: bd966fac789cc6c1563440b348ab2598cc24d5c7
  SwiftProtobuf: 241400280f912735c1e1b9fe675fdd2c6c4d42e2
  TrezorCrypto: bfeea47a052dca2c77d4a39e1e183865e52de14d

PODFILE CHECKSUM: 5add31967485338487fa2a173bad11a5a3f05c4d

COCOAPODS: 1.8.0
